github.com/google/uuid v1.3.0 h1:t6JiXgmwXMjEs8VusXIJk2BXHsn+wx8BZdTaoZ5fu7I=
github.com/google/uuid v1.3.0/go.mod h1:TIyPZe4MgqvfeYDBFedMoGGpEw/LqOeaOT+nhxU+yHo=
github.com/google/uuid v1.3.1 h1:KjJaJ9iWZ3jOFZIf1Lqf4laDRCasjl0BCmnEGxkdLb4=
github.com/google/uuid v1.3.1/go.mod h1:TIyPZe4MgqvfeYDBFedMoGGpEw/LqOeaOT+nhxU+yHo=
github.com/google/uuid v1.4.0 h1:MtMxsa51/r9yyhkyLsVeVt0B+BGQZzpQiTQ4eHZ8bc4=
github.com/google/uuid v1.4.0/go.mod h1:TIyPZe4MgqvfeYDBFedMoGGpEw/LqOeaOT+nhxU+yHo=
go.einride.tech/aip v0.60.0 h1:h6bgabZ5BCfAptbGex8jbh3VvPBRLa6xq+pQ1CAjHYw=
go.einride.tech/aip v0.60.0/go.mod h1:SdLbSbgSU60Xkb4TMkmsZEQPHeEWx0ikBoq5QnqZvdg=
go.einride.tech/aip v0.62.0 h1:DVHT0kgIhHfEqcbTUZ/tKTc+YButvOuTVT4JQFWDGo0=
go.einride.tech/aip v0.62.0/go.mod h1:YVrCQRL7SCB5Mv7i2ZF1R6vkLPh844RQBCLrrLcefaU=
go.einride.tech/aip v0.62.1 h1:qqdh0drjx+e1loreR3MKumeIN6QbDZysz+K6+x64lgY=
go.einride.tech/aip v0.62.1/go.mod h1:kK5nO4xh3JoniXp64dxgT474Egmr5L7SlsGD6xvP6fU=
go.einride.tech/aip v0.63.0 h1:1u2ppyKS9hj++bp+q4rOEma7dAbG7ZPl6tSBLf8t+wo=
go.einride.tech/aip v0.63.0/go.mod h1:kK5nO4xh3JoniXp64dxgT474Egmr5L7SlsGD6xvP6fU=
